// !$*UTF8*$!
{
	archiveVersion = 1;
	classes = {
	};
	objectVersion = 55;
	objects = {

/* Begin PBXBuildFile section */
		DF6E73342857601500EEB649 /* main.swift in Sources */ = {isa = PBXBuildFile; fileRef = DF6E73332857601500EEB649 /* main.swift */; };
		DF6E733C2857605900EEB649 /* SwiftSoup in Frameworks */ = {isa = PBXBuildFile; productRef = DF6E733B2857605900EEB649 /* SwiftSoup */; };
		DF6E733F285760B700EEB649 /* Data.swift in Sources */ = {isa = PBXBuildFile; fileRef = DF6E733E285760B700EEB649 /* Data.swift */; };
		DF6E73422857793500EEB649 /* Photo.swift in Sources */ = {isa = PBXBuildFile; fileRef = DF6E73412857793500EEB649 /* Photo.swift */; };
		DF6E73442857795700EEB649 /* PhotoGallery.swift in Sources */ = {isa = PBXBuildFile; fileRef = DF6E73432857795700EEB649 /* PhotoGallery.swift */; };
		DF6E73472857798B00EEB649 /* Parser+PhotoGallery.swift in Sources */ = {isa = PBXBuildFile; fileRef = DF6E73462857798B00EEB649 /* Parser+PhotoGallery.swift */; };
		DF6E73492857799500EEB649 /* Parser.swift in Sources */ = {isa = PBXBuildFile; fileRef = DF6E73482857799500EEB649 /* Parser.swift */; };
		DF6E734C28577B7200EEB649 /* Parser+Specs.swift in Sources */ = {isa = PBXBuildFile; fileRef = DF6E734B28577B7200EEB649 /* Parser+Specs.swift */; };
		DF6E734E28577C5A00EEB649 /* Transmission.swift in Sources */ = {isa = PBXBuildFile; fileRef = DF6E734D28577C5A00EEB649 /* Transmission.swift */; };
		DF6E735028577C6900EEB649 /* Aspiration.swift in Sources */ = {isa = PBXBuildFile; fileRef = DF6E734F28577C6900EEB649 /* Aspiration.swift */; };
		DF6E735228577C7800EEB649 /* CarGroup.swift in Sources */ = {isa = PBXBuildFile; fileRef = DF6E735128577C7800EEB649 /* CarGroup.swift */; };
		DF6E735428577C8600EEB649 /* Specification.swift in Sources */ = {isa = PBXBuildFile; fileRef = DF6E735328577C8600EEB649 /* Specification.swift */; };
		DF6E735728577CC800EEB649 /* RawRepresentable+Initializer.swift in Sources */ = {isa = PBXBuildFile; fileRef = DF6E735628577CC800EEB649 /* RawRepresentable+Initializer.swift */; };
		DF6E735A28577D0800EEB649 /* Formatters.swift in Sources */ = {isa = PBXBuildFile; fileRef = DF6E735928577D0800EEB649 /* Formatters.swift */; };
		DF6E735C28577E0200EEB649 /* Parser+Information.swift in Sources */ = {isa = PBXBuildFile; fileRef = DF6E735B28577E0200EEB649 /* Parser+Information.swift */; };
		DF6E735E2857926700EEB649 /* Parser+Tags.swift in Sources */ = {isa = PBXBuildFile; fileRef = DF6E735D2857926700EEB649 /* Parser+Tags.swift */; };
/* End PBXBuildFile section */

/* Begin PBXCopyFilesBuildPhase section */
		DF6E732E2857601500EEB649 /* CopyFiles */ = {
			isa = PBXCopyFilesBuildPhase;
			buildActionMask = 2147483647;
			dstPath = /usr/share/man/man1/;
			dstSubfolderSpec = 0;
			files = (
			);
			runOnlyForDeploymentPostprocessing = 1;
		};
/* End PBXCopyFilesBuildPhase section */

/* Begin PBXFileReference section */
		DF6E73302857601500EEB649 /* GT7Crawler */ = {isa = PBXFileReference; explicitFileType = "compiled.mach-o.executable"; includeInIndex = 0; path = GT7Crawler; sourceTree = BUILT_PRODUCTS_DIR; };
		DF6E73332857601500EEB649 /* main.swift */ = {isa = PBXFileReference; lastKnownFileType = sourcecode.swift; path = main.swift; sourceTree = "<group>"; };
		DF6E733E285760B700EEB649 /* Data.swift */ = {isa = PBXFileReference; lastKnownFileType = sourcecode.swift; path = Data.swift; sourceTree = "<group>"; };
		DF6E73412857793500EEB649 /* Photo.swift */ = {isa = PBXFileReference; lastKnownFileType = sourcecode.swift; path = Photo.swift; sourceTree = "<group>"; };
		DF6E73432857795700EEB649 /* PhotoGallery.swift */ = {isa = PBXFileReference; lastKnownFileType = sourcecode.swift; path = PhotoGallery.swift; sourceTree = "<group>"; };
		DF6E73462857798B00EEB649 /* Parser+PhotoGallery.swift */ = {isa = PBXFileReference; lastKnownFileType = sourcecode.swift; path = "Parser+PhotoGallery.swift"; sourceTree = "<group>"; };
		DF6E73482857799500EEB649 /* Parser.swift */ = {isa = PBXFileReference; lastKnownFileType = sourcecode.swift; path = Parser.swift; sourceTree = "<group>"; };
		DF6E734B28577B7200EEB649 /* Parser+Specs.swift */ = {isa = PBXFileReference; lastKnownFileType = sourcecode.swift; path = "Parser+Specs.swift"; sourceTree = "<group>"; };
		DF6E734D28577C5A00EEB649 /* Transmission.swift */ = {isa = PBXFileReference; lastKnownFileType = sourcecode.swift; path = Transmission.swift; sourceTree = "<group>"; };
		DF6E734F28577C6900EEB649 /* Aspiration.swift */ = {isa = PBXFileReference; lastKnownFileType = sourcecode.swift; path = Aspiration.swift; sourceTree = "<group>"; };
		DF6E735128577C7800EEB649 /* CarGroup.swift */ = {isa = PBXFileReference; lastKnownFileType = sourcecode.swift; path = CarGroup.swift; sourceTree = "<group>"; };
		DF6E735328577C8600EEB649 /* Specification.swift */ = {isa = PBXFileReference; lastKnownFileType = sourcecode.swift; path = Specification.swift; sourceTree = "<group>"; };
		DF6E735628577CC800EEB649 /* RawRepresentable+Initializer.swift */ = {isa = PBXFileReference; lastKnownFileType = sourcecode.swift; path = "RawRepresentable+Initializer.swift"; sourceTree = "<group>"; };
		DF6E735928577D0800EEB649 /* Formatters.swift */ = {isa = PBXFileReference; lastKnownFileType = sourcecode.swift; path = Formatters.swift; sourceTree = "<group>"; };
		DF6E735B28577E0200EEB649 /* Parser+Information.swift */ = {isa = PBXFileReference; lastKnownFileType = sourcecode.swift; path = "Parser+Information.swift"; sourceTree = "<group>"; };
		DF6E735D2857926700EEB649 /* Parser+Tags.swift */ = {isa = PBXFileReference; lastKnownFileType = sourcecode.swift; path = "Parser+Tags.swift"; sourceTree = "<group>"; };
/* End PBXFileReference section */

/* Begin PBXFrameworksBuildPhase section */
		DF6E732D2857601500EEB649 /* Frameworks */ = {
			isa = PBXFrameworksBuildPhase;
			buildActionMask = 2147483647;
			files = (
				DF6E733C2857605900EEB649 /* SwiftSoup in Frameworks */,
			);
			runOnlyForDeploymentPostprocessing = 0;
		};
/* End PBXFrameworksBuildPhase section */

/* Begin PBXGroup section */
		DF6E73272857601400EEB649 = {
			isa = PBXGroup;
			children = (
				DF6E73322857601500EEB649 /* GT7Crawler */,
				DF6E73312857601500EEB649 /* Products */,
			);
			sourceTree = "<group>";
		};
		DF6E73312857601500EEB649 /* Products */ = {
			isa = PBXGroup;
			children = (
				DF6E73302857601500EEB649 /* GT7Crawler */,
			);
			name = Products;
			sourceTree = "<group>";
		};
		DF6E73322857601500EEB649 /* GT7Crawler */ = {
			isa = PBXGroup;
			children = (
				DF6E735828577CF500EEB649 /* Formatters */,
				DF6E735528577C9B00EEB649 /* Protocols */,
				DF6E734A28577A6200EEB649 /* Extensions */,
				DF6E73452857797900EEB649 /* Parsers */,
				DF6E73402857792B00EEB649 /* Models */,
				DF6E733D285760A700EEB649 /* Data */,
				DF6E73332857601500EEB649 /* main.swift */,
			);
			path = GT7Crawler;
			sourceTree = "<group>";
		};
		DF6E733D285760A700EEB649 /* Data */ = {
			isa = PBXGroup;
			children = (
				DF6E733E285760B700EEB649 /* Data.swift */,
			);
			path = Data;
			sourceTree = "<group>";
		};
		DF6E73402857792B00EEB649 /* Models */ = {
			isa = PBXGroup;
			children = (
				DF6E73412857793500EEB649 /* Photo.swift */,
				DF6E73432857795700EEB649 /* PhotoGallery.swift */,
				DF6E734D28577C5A00EEB649 /* Transmission.swift */,
				DF6E734F28577C6900EEB649 /* Aspiration.swift */,
				DF6E735128577C7800EEB649 /* CarGroup.swift */,
				DF6E735328577C8600EEB649 /* Specification.swift */,
			);
			path = Models;
			sourceTree = "<group>";
		};
		DF6E73452857797900EEB649 /* Parsers */ = {
			isa = PBXGroup;
			children = (
				DF6E73462857798B00EEB649 /* Parser+PhotoGallery.swift */,
				DF6E73482857799500EEB649 /* Parser.swift */,
				DF6E734B28577B7200EEB649 /* Parser+Specs.swift */,
				DF6E735B28577E0200EEB649 /* Parser+Information.swift */,
				DF6E735D2857926700EEB649 /* Parser+Tags.swift */,
			);
			path = Parsers;
			sourceTree = "<group>";
		};
		DF6E734A28577A6200EEB649 /* Extensions */ = {
			isa = PBXGroup;
			children = (
				DF6E735628577CC800EEB649 /* RawRepresentable+Initializer.swift */,
			);
			path = Extensions;
			sourceTree = "<group>";
		};
		DF6E735528577C9B00EEB649 /* Protocols */ = {
			isa = PBXGroup;
			children = (
			);
			path = Protocols;
			sourceTree = "<group>";
		};
		DF6E735828577CF500EEB649 /* Formatters */ = {
			isa = PBXGroup;
			children = (
				DF6E735928577D0800EEB649 /* Formatters.swift */,
			);
			path = Formatters;
			sourceTree = "<group>";
		};
/* End PBXGroup section */

/* Begin PBXNativeTarget section */
		DF6E732F2857601500EEB649 /* GT7Crawler */ = {
			isa = PBXNativeTarget;
			buildConfigurationList = DF6E73372857601500EEB649 /* Build configuration list for PBXNativeTarget "GT7Crawler" */;
			buildPhases = (
				DF6E732C2857601500EEB649 /* Sources */,
				DF6E732D2857601500EEB649 /* Frameworks */,
				DF6E732E2857601500EEB649 /* CopyFiles */,
			);
			buildRules = (
			);
			dependencies = (
			);
			name = GT7Crawler;
			packageProductDependencies = (
				DF6E733B2857605900EEB649 /* SwiftSoup */,
			);
			productName = GT7Crawler;
			productReference = DF6E73302857601500EEB649 /* GT7Crawler */;
			productType = "com.apple.product-type.tool";
		};
/* End PBXNativeTarget section */

/* Begin PBXProject section */
		DF6E73282857601400EEB649 /* Project object */ = {
			isa = PBXProject;
			attributes = {
				BuildIndependentTargetsInParallel = 1;
				LastSwiftUpdateCheck = 1340;
				LastUpgradeCheck = 1340;
				TargetAttributes = {
					DF6E732F2857601500EEB649 = {
						CreatedOnToolsVersion = 13.4.1;
					};
				};
			};
			buildConfigurationList = DF6E732B2857601400EEB649 /* Build configuration list for PBXProject "GT7Crawler" */;
			compatibilityVersion = "Xcode 13.0";
			developmentRegion = en;
			hasScannedForEncodings = 0;
			knownRegions = (
				en,
				Base,
			);
			mainGroup = DF6E73272857601400EEB649;
			packageReferences = (
				DF6E733A2857605900EEB649 /* XCRemoteSwiftPackageReference "SwiftSoup" */,
			);
			productRefGroup = DF6E73312857601500EEB649 /* Products */;
			projectDirPath = "";
			projectRoot = "";
			targets = (
				DF6E732F2857601500EEB649 /* GT7Crawler */,
			);
		};
/* End PBXProject section */

/* Begin PBXSourcesBuildPhase section */
		DF6E732C2857601500EEB649 /* Sources */ = {
			isa = PBXSourcesBuildPhase;
			buildActionMask = 2147483647;
			files = (
				DF6E734C28577B7200EEB649 /* Parser+Specs.swift in Sources */,
				DF6E735E2857926700EEB649 /* Parser+Tags.swift in Sources */,
				DF6E735A28577D0800EEB649 /* Formatters.swift in Sources */,
				DF6E73422857793500EEB649 /* Photo.swift in Sources */,
				DF6E735028577C6900EEB649 /* Aspiration.swift in Sources */,
				DF6E73342857601500EEB649 /* main.swift in Sources */,
				DF6E73492857799500EEB649 /* Parser.swift in Sources */,
				DF6E733F285760B700EEB649 /* Data.swift in Sources */,
				DF6E735428577C8600EEB649 /* Specification.swift in Sources */,
				DF6E73442857795700EEB649 /* PhotoGallery.swift in Sources */,
				DF6E73472857798B00EEB649 /* Parser+PhotoGallery.swift in Sources */,
				DF6E735228577C7800EEB649 /* CarGroup.swift in Sources */,
				DF6E735728577CC800EEB649 /* RawRepresentable+Initializer.swift in Sources */,
				DF6E734E28577C5A00EEB649 /* Transmission.swift in Sources */,
				DF6E735C28577E0200EEB649 /* Parser+Information.swift in Sources */,
			);
			runOnlyForDeploymentPostprocessing = 0;
		};
/* End PBXSourcesBuildPhase section */

/* Begin XCBuildConfiguration section */
		DF6E73352857601500EEB649 /* Debug */ = {
			isa = XCBuildConfiguration;
			buildSettings = {
				ALWAYS_SEARCH_USER_PATHS = NO;
				CLANG_ANALYZER_NONNULL = YES;
				CLANG_ANALYZER_NUMBER_OBJECT_CONVERSION = YES_AGGRESSIVE;
				CLANG_CXX_LANGUAGE_STANDARD = "gnu++17";
				CLANG_ENABLE_MODULES = YES;
				CLANG_ENABLE_OBJC_ARC = YES;
				CLANG_ENABLE_OBJC_WEAK = YES;
				CLANG_WARN_BLOCK_CAPTURE_AUTORELEASING = YES;
				CLANG_WARN_BOOL_CONVERSION = YES;
				CLANG_WARN_COMMA = YES;
				CLANG_WARN_CONSTANT_CONVERSION = YES;
				CLANG_WARN_DEPRECATED_OBJC_IMPLEMENTATIONS = YES;
				CLANG_WARN_DIRECT_OBJC_ISA_USAGE = YES_ERROR;
				CLANG_WARN_DOCUMENTATION_COMMENTS = YES;
				CLANG_WARN_EMPTY_BODY = YES;
				CLANG_WARN_ENUM_CONVERSION = YES;
				CLANG_WARN_INFINITE_RECURSION = YES;
				CLANG_WARN_INT_CONVERSION = YES;
				CLANG_WARN_NON_LITERAL_NULL_CONVERSION = YES;
				CLANG_WARN_OBJC_IMPLICIT_RETAIN_SELF = YES;
				CLANG_WARN_OBJC_LITERAL_CONVERSION = YES;
				CLANG_WARN_OBJC_ROOT_CLASS = YES_ERROR;
				CLANG_WARN_QUOTED_INCLUDE_IN_FRAMEWORK_HEADER = YES;
				CLANG_WARN_RANGE_LOOP_ANALYSIS = YES;
				CLANG_WARN_STRICT_PROTOTYPES = YES;
				CLANG_WARN_SUSPICIOUS_MOVE = YES;
				CLANG_WARN_UNGUARDED_AVAILABILITY = YES_AGGRESSIVE;
				CLANG_WARN_UNREACHABLE_CODE = YES;
				CLANG_WARN__DUPLICATE_METHOD_MATCH = YES;
				COPY_PHASE_STRIP = NO;
				DEBUG_INFORMATION_FORMAT = dwarf;
				ENABLE_STRICT_OBJC_MSGSEND = YES;
				ENABLE_TESTABILITY = YES;
				GCC_C_LANGUAGE_STANDARD = gnu11;
				GCC_DYNAMIC_NO_PIC = NO;
				GCC_NO_COMMON_BLOCKS = YES;
				GCC_OPTIMIZATION_LEVEL = 0;
				GCC_PREPROCESSOR_DEFINITIONS = (
					"DEBUG=1",
					"$(inherited)",
				);
				GCC_WARN_64_TO_32_BIT_CONVERSION = YES;
				GCC_WARN_ABOUT_RETURN_TYPE = YES_ERROR;
				GCC_WARN_UNDECLARED_SELECTOR = YES;
				GCC_WARN_UNINITIALIZED_AUTOS = YES_AGGRESSIVE;
				GCC_WARN_UNUSED_FUNCTION = YES;
				GCC_WARN_UNUSED_VARIABLE = YES;
				MACOSX_DEPLOYMENT_TARGET = 12.3;
				MTL_ENABLE_DEBUG_INFO = INCLUDE_SOURCE;
				MTL_FAST_MATH = YES;
				ONLY_ACTIVE_ARCH = YES;
				SDKROOT = macosx;
				SWIFT_ACTIVE_COMPILATION_CONDITIONS = DEBUG;
				SWIFT_OPTIMIZATION_LEVEL = "-Onone";
			};
			name = Debug;
		};
		DF6E73362857601500EEB649 /* Release */ = {
			isa = XCBuildConfiguration;
			buildSettings = {
				ALWAYS_SEARCH_USER_PATHS = NO;
				CLANG_ANALYZER_NONNULL = YES;
				CLANG_ANALYZER_NUMBER_OBJECT_CONVERSION = YES_AGGRESSIVE;
				CLANG_CXX_LANGUAGE_STANDARD = "gnu++17";
				CLANG_ENABLE_MODULES = YES;
				CLANG_ENABLE_OBJC_ARC = YES;
				CLANG_ENABLE_OBJC_WEAK = YES;
				CLANG_WARN_BLOCK_CAPTURE_AUTORELEASING = YES;
				CLANG_WARN_BOOL_CONVERSION = YES;
				CLANG_WARN_COMMA = YES;
				CLANG_WARN_CONSTANT_CONVERSION = YES;
				CLANG_WARN_DEPRECATED_OBJC_IMPLEMENTATIONS = YES;
				CLANG_WARN_DIRECT_OBJC_ISA_USAGE = YES_ERROR;
				CLANG_WARN_DOCUMENTATION_COMMENTS = YES;
				CLANG_WARN_EMPTY_BODY = YES;
				CLANG_WARN_ENUM_CONVERSION = YES;
				CLANG_WARN_INFINITE_RECURSION = YES;
				CLANG_WARN_INT_CONVERSION = YES;
				CLANG_WARN_NON_LITERAL_NULL_CONVERSION = YES;
				CLANG_WARN_OBJC_IMPLICIT_RETAIN_SELF = YES;
				CLANG_WARN_OBJC_LITERAL_CONVERSION = YES;
				CLANG_WARN_OBJC_ROOT_CLASS = YES_ERROR;
				CLANG_WARN_QUOTED_INCLUDE_IN_FRAMEWORK_HEADER = YES;
				CLANG_WARN_RANGE_LOOP_ANALYSIS = YES;
				CLANG_WARN_STRICT_PROTOTYPES = YES;
				CLANG_WARN_SUSPICIOUS_MOVE = YES;
				CLANG_WARN_UNGUARDED_AVAILABILITY = YES_AGGRESSIVE;
				CLANG_WARN_UNREACHABLE_CODE = YES;
				CLANG_WARN__DUPLICATE_METHOD_MATCH = YES;
				COPY_PHASE_STRIP = NO;
				DEBUG_INFORMATION_FORMAT = "dwarf-with-dsym";
				ENABLE_NS_ASSERTIONS = NO;
				ENABLE_STRICT_OBJC_MSGSEND = YES;
				GCC_C_LANGUAGE_STANDARD = gnu11;
				GCC_NO_COMMON_BLOCKS = YES;
				GCC_WARN_64_TO_32_BIT_CONVERSION = YES;
				GCC_WARN_ABOUT_RETURN_TYPE = YES_ERROR;
				GCC_WARN_UNDECLARED_SELECTOR = YES;
				GCC_WARN_UNINITIALIZED_AUTOS = YES_AGGRESSIVE;
				GCC_WARN_UNUSED_FUNCTION = YES;
				GCC_WARN_UNUSED_VARIABLE = YES;
				MACOSX_DEPLOYMENT_TARGET = 12.3;
				MTL_ENABLE_DEBUG_INFO = NO;
				MTL_FAST_MATH = YES;
				SDKROOT = macosx;
				SWIFT_COMPILATION_MODE = wholemodule;
				SWIFT_OPTIMIZATION_LEVEL = "-O";
			};
			name = Release;
		};
		DF6E73382857601500EEB649 /* Debug */ = {
			isa = XCBuildConfiguration;
			buildSettings = {
				CODE_SIGN_STYLE = Automatic;
				PRODUCT_NAME = "$(TARGET_NAME)";
				SWIFT_VERSION = 5.0;
			};
			name = Debug;
		};
		DF6E73392857601500EEB649 /* Release */ = {
			isa = XCBuildConfiguration;
			buildSettings = {
				CODE_SIGN_STYLE = Automatic;
				PRODUCT_NAME = "$(TARGET_NAME)";
				SWIFT_VERSION = 5.0;
			};
			name = Release;
		};
/* End XCBuildConfiguration section */

/* Begin XCConfigurationList section */
		DF6E732B2857601400EEB649 /* Build configuration list for PBXProject "GT7Crawler" */ = {
			isa = XCConfigurationList;
			buildConfigurations = (
				DF6E73352857601500EEB649 /* Debug */,
				DF6E73362857601500EEB649 /* Release */,
			);
			defaultConfigurationIsVisible = 0;
			defaultConfigurationName = Release;
		};
		DF6E73372857601500EEB649 /* Build configuration list for PBXNativeTarget "GT7Crawler" */ = {
			isa = XCConfigurationList;
			buildConfigurations = (
				DF6E73382857601500EEB649 /* Debug */,
				DF6E73392857601500EEB649 /* Release */,
			);
			defaultConfigurationIsVisible = 0;
			defaultConfigurationName = Release;
		};
/* End XCConfigurationList section */

/* Begin XCRemoteSwiftPackageReference section */
		DF6E733A2857605900EEB649 /* XCRemoteSwiftPackageReference "SwiftSoup" */ = {
			isa = XCRemoteSwiftPackageReference;
			repositoryURL = "https://github.com/scinfu/SwiftSoup.git";
			requirement = {
				kind = upToNextMajorVersion;
				minimumVersion = 2.0.0;
			};
		};
/* End XCRemoteSwiftPackageReference section */

/* Begin XCSwiftPackageProductDependency section */
		DF6E733B2857605900EEB649 /* SwiftSoup */ = {
			isa = XCSwiftPackageProductDependency;
			package = DF6E733A2857605900EEB649 /* XCRemoteSwiftPackageReference "SwiftSoup" */;
			productName = SwiftSoup;
		};
/* End XCSwiftPackageProductDependency section */
	};
	rootObject = DF6E73282857601400EEB649 /* Project object */;
}
